// !$*UTF8*$!
{
	archiveVersion = 1;
	classes = {
	};
	objectVersion = 46;
	objects = {

/* Begin PBXBuildFile section */
		1B1626AB6E5013257AFF69A1 /* Pods.framework in Frameworks */ = {isa = PBXBuildFile; fileRef = 987878A8F5DDECCA7C925FE1 /* Pods.framework */; settings = {ATTRIBUTES = (Weak, ); }; };
		CF680A471B347F6A00355A53 /* AppDelegate.swift in Sources */ = {isa = PBXBuildFile; fileRef = CF680A461B347F6A00355A53 /* AppDelegate.swift */; };
		CF680A491B347F6A00355A53 /* ViewController.swift in Sources */ = {isa = PBXBuildFile; fileRef = CF680A481B347F6A00355A53 /* ViewController.swift */; };
		CF680A4C1B347F6A00355A53 /* Main.storyboard in Resources */ = {isa = PBXBuildFile; fileRef = CF680A4A1B347F6A00355A53 /* Main.storyboard */; };
		CF680A4E1B347F6A00355A53 /* Images.xcassets in Resources */ = {isa = PBXBuildFile; fileRef = CF680A4D1B347F6A00355A53 /* Images.xcassets */; };
		CF680A511B347F6A00355A53 /* LaunchScreen.xib in Resources */ = {isa = PBXBuildFile; fileRef = CF680A4F1B347F6A00355A53 /* LaunchScreen.xib */; };
		CF680A5D1B347F6A00355A53 /* TestMapBoxTests.swift in Sources */ = {isa = PBXBuildFile; fileRef = CF680A5C1B347F6A00355A53 /* TestMapBoxTests.swift */; };
		CF680A681B34800300355A53 /* tmp.m in Sources */ = {isa = PBXBuildFile; fileRef = CF680A671B34800300355A53 /* tmp.m */; };
/* End PBXBuildFile section */

/* Begin PBXContainerItemProxy section */
		CF680A571B347F6A00355A53 /* PBXContainerItemProxy */ = {
			isa = PBXContainerItemProxy;
			containerPortal = CF680A391B347F6A00355A53 /* Project object */;
			proxyType = 1;
			remoteGlobalIDString = CF680A401B347F6A00355A53;
			remoteInfo = TestMapBox;
		};
/* End PBXContainerItemProxy section */

/* Begin PBXFileReference section */
		8F371ECB1AF06EAD27C686D9 /* Pods.debug.xcconfig */ = {isa = PBXFileReference; includeInIndex = 1; lastKnownFileType = text.xcconfig; name = Pods.debug.xcconfig; path = "Pods/Target Support Files/Pods/Pods.debug.xcconfig"; sourceTree = "<group>"; };
		987878A8F5DDECCA7C925FE1 /* Pods.framework */ = {isa = PBXFileReference; explicitFileType = wrapper.framework; includeInIndex = 0; path = Pods.framework; sourceTree = BUILT_PRODUCTS_DIR; };
		CF680A411B347F6A00355A53 /* TestMapBox.app */ = {isa = PBXFileReference; explicitFileType = wrapper.application; includeInIndex = 0; path = TestMapBox.app; sourceTree = BUILT_PRODUCTS_DIR; };
		CF680A451B347F6A00355A53 /* Info.plist */ = {isa = PBXFileReference; lastKnownFileType = text.plist.xml; path = Info.plist; sourceTree = "<group>"; };
		CF680A461B347F6A00355A53 /* AppDelegate.swift */ = {isa = PBXFileReference; lastKnownFileType = sourcecode.swift; path = AppDelegate.swift; sourceTree = "<group>"; };
		CF680A481B347F6A00355A53 /* ViewController.swift */ = {isa = PBXFileReference; lastKnownFileType = sourcecode.swift; path = ViewController.swift; sourceTree = "<group>"; };
		CF680A4B1B347F6A00355A53 /* Base */ = {isa = PBXFileReference; lastKnownFileType = file.storyboard; name = Base; path = Base.lproj/Main.storyboard; sourceTree = "<group>"; };
		CF680A4D1B347F6A00355A53 /* Images.xcassets */ = {isa = PBXFileReference; lastKnownFileType = folder.assetcatalog; path = Images.xcassets; sourceTree = "<group>"; };
		CF680A501B347F6A00355A53 /* Base */ = {isa = PBXFileReference; lastKnownFileType = file.xib; name = Base; path = Base.lproj/LaunchScreen.xib; sourceTree = "<group>"; };
		CF680A561B347F6A00355A53 /* TestMapBoxTests.xctest */ = {isa = PBXFileReference; explicitFileType = wrapper.cfbundle; includeInIndex = 0; path = TestMapBoxTests.xctest; sourceTree = BUILT_PRODUCTS_DIR; };
		CF680A5B1B347F6A00355A53 /* Info.plist */ = {isa = PBXFileReference; lastKnownFileType = text.plist.xml; path = Info.plist; sourceTree = "<group>"; };
		CF680A5C1B347F6A00355A53 /* TestMapBoxTests.swift */ = {isa = PBXFileReference; lastKnownFileType = sourcecode.swift; path = TestMapBoxTests.swift; sourceTree = "<group>"; };
		CF680A661B34800200355A53 /* TestMapBox-Bridging-Header.h */ = {isa = PBXFileReference; lastKnownFileType = sourcecode.c.h; path = "TestMapBox-Bridging-Header.h"; sourceTree = "<group>"; };
		CF680A671B34800300355A53 /* tmp.m */ = {isa = PBXFileReference; fileEncoding = 4; lastKnownFileType = sourcecode.c.objc; path = tmp.m; sourceTree = "<group>"; };
		ECB20CA53274AB9A146170F8 /* Pods.release.xcconfig */ = {isa = PBXFileReference; includeInIndex = 1; lastKnownFileType = text.xcconfig; name = Pods.release.xcconfig; path = "Pods/Target Support Files/Pods/Pods.release.xcconfig"; sourceTree = "<group>"; };
/* End PBXFileReference section */

/* Begin PBXFrameworksBuildPhase section */
		CF680A3E1B347F6A00355A53 /* Frameworks */ = {
			isa = PBXFrameworksBuildPhase;
			buildActionMask = 2147483647;
			files = (
				1B1626AB6E5013257AFF69A1 /* Pods.framework in Frameworks */,
			);
			runOnlyForDeploymentPostprocessing = 0;
		};
		CF680A531B347F6A00355A53 /* Frameworks */ = {
			isa = PBXFrameworksBuildPhase;
			buildActionMask = 2147483647;
			files = (
			);
			runOnlyForDeploymentPostprocessing = 0;
		};
/* End PBXFrameworksBuildPhase section */

/* Begin PBXGroup section */
		2B105BD73C2AF222416B16DF /* Pods */ = {
			isa = PBXGroup;
			children = (
				8F371ECB1AF06EAD27C686D9 /* Pods.debug.xcconfig */,
				ECB20CA53274AB9A146170F8 /* Pods.release.xcconfig */,
			);
			name = Pods;
			sourceTree = "<group>";
		};
		A5287EFDA9A2CD84C08FB833 /* Frameworks */ = {
			isa = PBXGroup;
			children = (
				987878A8F5DDECCA7C925FE1 /* Pods.framework */,
			);
			name = Frameworks;
			sourceTree = "<group>";
		};
		CF680A381B347F6A00355A53 = {
			isa = PBXGroup;
			children = (
				CF680A431B347F6A00355A53 /* TestMapBox */,
				CF680A591B347F6A00355A53 /* TestMapBoxTests */,
				CF680A421B347F6A00355A53 /* Products */,
				2B105BD73C2AF222416B16DF /* Pods */,
				A5287EFDA9A2CD84C08FB833 /* Frameworks */,
			);
			sourceTree = "<group>";
		};
		CF680A421B347F6A00355A53 /* Products */ = {
			isa = PBXGroup;
			children = (
				CF680A411B347F6A00355A53 /* TestMapBox.app */,
				CF680A561B347F6A00355A53 /* TestMapBoxTests.xctest */,
			);
			name = Products;
			sourceTree = "<group>";
		};
		CF680A431B347F6A00355A53 /* TestMapBox */ = {
			isa = PBXGroup;
			children = (
				CF680A461B347F6A00355A53 /* AppDelegate.swift */,
				CF680A481B347F6A00355A53 /* ViewController.swift */,
				CF680A4A1B347F6A00355A53 /* Main.storyboard */,
				CF680A4D1B347F6A00355A53 /* Images.xcassets */,
				CF680A4F1B347F6A00355A53 /* LaunchScreen.xib */,
				CF680A441B347F6A00355A53 /* Supporting Files */,
				CF680A671B34800300355A53 /* tmp.m */,
				CF680A661B34800200355A53 /* TestMapBox-Bridging-Header.h */,
			);
			path = TestMapBox;
			sourceTree = "<group>";
		};
		CF680A441B347F6A00355A53 /* Supporting Files */ = {
			isa = PBXGroup;
			children = (
				CF680A451B347F6A00355A53 /* Info.plist */,
			);
			name = "Supporting Files";
			sourceTree = "<group>";
		};
		CF680A591B347F6A00355A53 /* TestMapBoxTests */ = {
			isa = PBXGroup;
			children = (
				CF680A5C1B347F6A00355A53 /* TestMapBoxTests.swift */,
				CF680A5A1B347F6A00355A53 /* Supporting Files */,
			);
			path = TestMapBoxTests;
			sourceTree = "<group>";
		};
		CF680A5A1B347F6A00355A53 /* Supporting Files */ = {
			isa = PBXGroup;
			children = (
				CF680A5B1B347F6A00355A53 /* Info.plist */,
			);
			name = "Supporting Files";
			sourceTree = "<group>";
		};
/* End PBXGroup section */

/* Begin PBXNativeTarget section */
		CF680A401B347F6A00355A53 /* TestMapBox */ = {
			isa = PBXNativeTarget;
			buildConfigurationList = CF680A601B347F6A00355A53 /* Build configuration list for PBXNativeTarget "TestMapBox" */;
			buildPhases = (
				C85BAA683C084832FA59B192 /* Check Pods Manifest.lock */,
				CF680A3D1B347F6A00355A53 /* Sources */,
				CF680A3E1B347F6A00355A53 /* Frameworks */,
				CF680A3F1B347F6A00355A53 /* Resources */,
				4AF1E4E725CAFF23AF4F49E4 /* Copy Pods Resources */,
				B8FD57C094A0DDEF419FC5EE /* Embed Pods Frameworks */,
			);
			buildRules = (
			);
			dependencies = (
			);
			name = TestMapBox;
			productName = TestMapBox;
			productReference = CF680A411B347F6A00355A53 /* TestMapBox.app */;
			productType = "com.apple.product-type.application";
		};
		CF680A551B347F6A00355A53 /* TestMapBoxTests */ = {
			isa = PBXNativeTarget;
			buildConfigurationList = CF680A631B347F6A00355A53 /* Build configuration list for PBXNativeTarget "TestMapBoxTests" */;
			buildPhases = (
				CF680A521B347F6A00355A53 /* Sources */,
				CF680A531B347F6A00355A53 /* Frameworks */,
				CF680A541B347F6A00355A53 /* Resources */,
			);
			buildRules = (
			);
			dependencies = (
				CF680A581B347F6A00355A53 /* PBXTargetDependency */,
			);
			name = TestMapBoxTests;
			productName = TestMapBoxTests;
			productReference = CF680A561B347F6A00355A53 /* TestMapBoxTests.xctest */;
			productType = "com.apple.product-type.bundle.unit-test";
		};
/* End PBXNativeTarget section */

/* Begin PBXProject section */
		CF680A391B347F6A00355A53 /* Project object */ = {
			isa = PBXProject;
			attributes = {
				LastUpgradeCheck = 0630;
				ORGANIZATIONNAME = Jogabo;
				TargetAttributes = {
					CF680A401B347F6A00355A53 = {
						CreatedOnToolsVersion = 6.3.2;
					};
					CF680A551B347F6A00355A53 = {
						CreatedOnToolsVersion = 6.3.2;
						TestTargetID = CF680A401B347F6A00355A53;
					};
				};
			};
			buildConfigurationList = CF680A3C1B347F6A00355A53 /* Build configuration list for PBXProject "TestMapBox" */;
			compatibilityVersion = "Xcode 3.2";
			developmentRegion = English;
			hasScannedForEncodings = 0;
			knownRegions = (
				en,
				Base,
			);
			mainGroup = CF680A381B347F6A00355A53;
			productRefGroup = CF680A421B347F6A00355A53 /* Products */;
			projectDirPath = "";
			projectRoot = "";
			targets = (
				CF680A401B347F6A00355A53 /* TestMapBox */,
				CF680A551B347F6A00355A53 /* TestMapBoxTests */,
			);
		};
/* End PBXProject section */

/* Begin PBXResourcesBuildPhase section */
		CF680A3F1B347F6A00355A53 /* Resources */ = {
			isa = PBXResourcesBuildPhase;
			buildActionMask = 2147483647;
			files = (
				CF680A4C1B347F6A00355A53 /* Main.storyboard in Resources */,
				CF680A511B347F6A00355A53 /* LaunchScreen.xib in Resources */,
				CF680A4E1B347F6A00355A53 /* Images.xcassets in Resources */,
			);
			runOnlyForDeploymentPostprocessing = 0;
		};
		CF680A541B347F6A00355A53 /* Resources */ = {
			isa = PBXResourcesBuildPhase;
			buildActionMask = 2147483647;
			files = (
			);
			runOnlyForDeploymentPostprocessing = 0;
		};
/* End PBXResourcesBuildPhase section */

/* Begin PBXShellScriptBuildPhase section */
		4AF1E4E725CAFF23AF4F49E4 /* Copy Pods Resources */ = {
			isa = PBXShellScriptBuildPhase;
			buildActionMask = 2147483647;
			files = (
			);
			inputPaths = (
			);
			name = "Copy Pods Resources";
			outputPaths = (
			);
			runOnlyForDeploymentPostprocessing = 0;
			shellPath = /bin/sh;
			shellScript = "\"${SRCROOT}/Pods/Target Support Files/Pods/Pods-resources.sh\"\n";
			showEnvVarsInLog = 0;
		};
		B8FD57C094A0DDEF419FC5EE /* Embed Pods Frameworks */ = {
			isa = PBXShellScriptBuildPhase;
			buildActionMask = 2147483647;
			files = (
			);
			inputPaths = (
			);
			name = "Embed Pods Frameworks";
			outputPaths = (
			);
			runOnlyForDeploymentPostprocessing = 0;
			shellPath = /bin/sh;
			shellScript = "\"${SRCROOT}/Pods/Target Support Files/Pods/Pods-frameworks.sh\"\n";
			showEnvVarsInLog = 0;
		};
		C85BAA683C084832FA59B192 /* Check Pods Manifest.lock */ = {
			isa = PBXShellScriptBuildPhase;
			buildActionMask = 2147483647;
			files = (
			);
			inputPaths = (
			);
			name = "Check Pods Manifest.lock";
			outputPaths = (
			);
			runOnlyForDeploymentPostprocessing = 0;
			shellPath = /bin/sh;
			shellScript = "diff \"${PODS_ROOT}/../Podfile.lock\" \"${PODS_ROOT}/Manifest.lock\" > /dev/null\nif [[ $? != 0 ]] ; then\n    cat << EOM\nerror: The sandbox is not in sync with the Podfile.lock. Run 'pod install' or update your CocoaPods installation.\nEOM\n    exit 1\nfi\n";
			showEnvVarsInLog = 0;
		};
/* End PBXShellScriptBuildPhase section */

/* Begin PBXSourcesBuildPhase section */
		CF680A3D1B347F6A00355A53 /* Sources */ = {
			isa = PBXSourcesBuildPhase;
			buildActionMask = 2147483647;
			files = (
				CF680A681B34800300355A53 /* tmp.m in Sources */,
				CF680A491B347F6A00355A53 /* ViewController.swift in Sources */,
				CF680A471B347F6A00355A53 /* AppDelegate.swift in Sources */,
			);
			runOnlyForDeploymentPostprocessing = 0;
		};
		CF680A521B347F6A00355A53 /* Sources */ = {
			isa = PBXSourcesBuildPhase;
			buildActionMask = 2147483647;
			files = (
				CF680A5D1B347F6A00355A53 /* TestMapBoxTests.swift in Sources */,
			);
			runOnlyForDeploymentPostprocessing = 0;
		};
/* End PBXSourcesBuildPhase section */

/* Begin PBXTargetDependency section */
		CF680A581B347F6A00355A53 /* PBXTargetDependency */ = {
			isa = PBXTargetDependency;
			target = CF680A401B347F6A00355A53 /* TestMapBox */;
			targetProxy = CF680A571B347F6A00355A53 /* PBXContainerItemProxy */;
		};
/* End PBXTargetDependency section */

/* Begin PBXVariantGroup section */
		CF680A4A1B347F6A00355A53 /* Main.storyboard */ = {
			isa = PBXVariantGroup;
			children = (
				CF680A4B1B347F6A00355A53 /* Base */,
			);
			name = Main.storyboard;
			sourceTree = "<group>";
		};
		CF680A4F1B347F6A00355A53 /* LaunchScreen.xib */ = {
			isa = PBXVariantGroup;
			children = (
				CF680A501B347F6A00355A53 /* Base */,
			);
			name = LaunchScreen.xib;
			sourceTree = "<group>";
		};
/* End PBXVariantGroup section */

/* Begin XCBuildConfiguration section */
		CF680A5E1B347F6A00355A53 /* Debug */ = {
			isa = XCBuildConfiguration;
			buildSettings = {
				ALWAYS_SEARCH_USER_PATHS = NO;
				CLANG_CXX_LANGUAGE_STANDARD = "gnu++0x";
				CLANG_CXX_LIBRARY = "libc++";
				CLANG_ENABLE_MODULES = YES;
				CLANG_ENABLE_OBJC_ARC = YES;
				CLANG_WARN_BOOL_CONVERSION = YES;
				CLANG_WARN_CONSTANT_CONVERSION = YES;
				CLANG_WARN_DIRECT_OBJC_ISA_USAGE = YES_ERROR;
				CLANG_WARN_EMPTY_BODY = YES;
				CLANG_WARN_ENUM_CONVERSION = YES;
				CLANG_WARN_INT_CONVERSION = YES;
				CLANG_WARN_OBJC_ROOT_CLASS = YES_ERROR;
				CLANG_WARN_UNREACHABLE_CODE = YES;
				CLANG_WARN__DUPLICATE_METHOD_MATCH = YES;
				"CODE_SIGN_IDENTITY[sdk=iphoneos*]" = "iPhone Developer";
				COPY_PHASE_STRIP = NO;
				DEBUG_INFORMATION_FORMAT = "dwarf-with-dsym";
				ENABLE_STRICT_OBJC_MSGSEND = YES;
				GCC_C_LANGUAGE_STANDARD = gnu99;
				GCC_DYNAMIC_NO_PIC = NO;
				GCC_NO_COMMON_BLOCKS = YES;
				GCC_OPTIMIZATION_LEVEL = 0;
				GCC_PREPROCESSOR_DEFINITIONS = (
					"DEBUG=1",
					"$(inherited)",
				);
				GCC_SYMBOLS_PRIVATE_EXTERN = NO;
				GCC_WARN_64_TO_32_BIT_CONVERSION = YES;
				GCC_WARN_ABOUT_RETURN_TYPE = YES_ERROR;
				GCC_WARN_UNDECLARED_SELECTOR = YES;
				GCC_WARN_UNINITIALIZED_AUTOS = YES_AGGRESSIVE;
				GCC_WARN_UNUSED_FUNCTION = YES;
				GCC_WARN_UNUSED_VARIABLE = YES;
				IPHONEOS_DEPLOYMENT_TARGET = 8.3;
				MTL_ENABLE_DEBUG_INFO = YES;
				ONLY_ACTIVE_ARCH = YES;
				SDKROOT = iphoneos;
				SWIFT_OPTIMIZATION_LEVEL = "-Onone";
				TARGETED_DEVICE_FAMILY = "1,2";
			};
			name = Debug;
		};
		CF680A5F1B347F6A00355A53 /* Release */ = {
			isa = XCBuildConfiguration;
			buildSettings = {
				ALWAYS_SEARCH_USER_PATHS = NO;
				CLANG_CXX_LANGUAGE_STANDARD = "gnu++0x";
				CLANG_CXX_LIBRARY = "libc++";
				CLANG_ENABLE_MODULES = YES;
				CLANG_ENABLE_OBJC_ARC = YES;
				CLANG_WARN_BOOL_CONVERSION = YES;
				CLANG_WARN_CONSTANT_CONVERSION = YES;
				CLANG_WARN_DIRECT_OBJC_ISA_USAGE = YES_ERROR;
				CLANG_WARN_EMPTY_BODY = YES;
				CLANG_WARN_ENUM_CONVERSION = YES;
				CLANG_WARN_INT_CONVERSION = YES;
				CLANG_WARN_OBJC_ROOT_CLASS = YES_ERROR;
				CLANG_WARN_UNREACHABLE_CODE = YES;
				CLANG_WARN__DUPLICATE_METHOD_MATCH = YES;
				"CODE_SIGN_IDENTITY[sdk=iphoneos*]" = "iPhone Developer";
				COPY_PHASE_STRIP = NO;
				DEBUG_INFORMATION_FORMAT = "dwarf-with-dsym";
				ENABLE_NS_ASSERTIONS = NO;
				ENABLE_STRICT_OBJC_MSGSEND = YES;
				GCC_C_LANGUAGE_STANDARD = gnu99;
				GCC_NO_COMMON_BLOCKS = YES;
				GCC_WARN_64_TO_32_BIT_CONVERSION = YES;
				GCC_WARN_ABOUT_RETURN_TYPE = YES_ERROR;
				GCC_WARN_UNDECLARED_SELECTOR = YES;
				GCC_WARN_UNINITIALIZED_AUTOS = YES_AGGRESSIVE;
				GCC_WARN_UNUSED_FUNCTION = YES;
				GCC_WARN_UNUSED_VARIABLE = YES;
				IPHONEOS_DEPLOYMENT_TARGET = 8.3;
				MTL_ENABLE_DEBUG_INFO = NO;
				SDKROOT = iphoneos;
				TARGETED_DEVICE_FAMILY = "1,2";
				VALIDATE_PRODUCT = YES;
			};
			name = Release;
		};
		CF680A611B347F6A00355A53 /* Debug */ = {
			isa = XCBuildConfiguration;
			baseConfigurationReference = 8F371ECB1AF06EAD27C686D9 /* Pods.debug.xcconfig */;
			buildSettings = {
				ASSETCATALOG_COMPILER_APPICON_NAME = AppIcon;
				CLANG_ENABLE_MODULES = YES;
				INFOPLIST_FILE = TestMapBox/Info.plist;
				LD_RUNPATH_SEARCH_PATHS = "$(inherited) @executable_path/Frameworks";
				PRODUCT_NAME = "$(TARGET_NAME)";
				SWIFT_OBJC_BRIDGING_HEADER = "TestMapBox/TestMapBox-Bridging-Header.h";
				SWIFT_OPTIMIZATION_LEVEL = "-Onone";
			};
			name = Debug;
		};
		CF680A621B347F6A00355A53 /* Release */ = {
			isa = XCBuildConfiguration;
			baseConfigurationReference = ECB20CA53274AB9A146170F8 /* Pods.release.xcconfig */;
			buildSettings = {
				ASSETCATALOG_COMPILER_APPICON_NAME = AppIcon;
				CLANG_ENABLE_MODULES = YES;
				INFOPLIST_FILE = TestMapBox/Info.plist;
				LD_RUNPATH_SEARCH_PATHS = "$(inherited) @executable_path/Frameworks";
				PRODUCT_NAME = "$(TARGET_NAME)";
				SWIFT_OBJC_BRIDGING_HEADER = "TestMapBox/TestMapBox-Bridging-Header.h";
			};
			name = Release;
		};
		CF680A641B347F6A00355A53 /* Debug */ = {
			isa = XCBuildConfiguration;
			buildSettings = {
				BUNDLE_LOADER = "$(TEST_HOST)";
				FRAMEWORK_SEARCH_PATHS = (
					"$(SDKROOT)/Developer/Library/Frameworks",
					"$(inherited)",
				);
				GCC_PREPROCESSOR_DEFINITIONS = (
					"DEBUG=1",
					"$(inherited)",
				);
				INFOPLIST_FILE = TestMapBoxTests/Info.plist;
				LD_RUNPATH_SEARCH_PATHS = "$(inherited) @executable_path/Frameworks @loader_path/Frameworks";
				PRODUCT_NAME = "$(TARGET_NAME)";
				TEST_HOST = "$(BUILT_PRODUCTS_DIR)/TestMapBox.app/TestMapBox";
			};
			name = Debug;
		};
		CF680A651B347F6A00355A53 /* Release */ = {
			isa = XCBuildConfiguration;
			buildSettings = {
				BUNDLE_LOADER = "$(TEST_HOST)";
				FRAMEWORK_SEARCH_PATHS = (
					"$(SDKROOT)/Developer/Library/Frameworks",
					"$(inherited)",
				);
				INFOPLIST_FILE = TestMapBoxTests/Info.plist;
				LD_RUNPATH_SEARCH_PATHS = "$(inherited) @executable_path/Frameworks @loader_path/Frameworks";
				PRODUCT_NAME = "$(TARGET_NAME)";
				TEST_HOST = "$(BUILT_PRODUCTS_DIR)/TestMapBox.app/TestMapBox";
			};
			name = Release;
		};
/* End XCBuildConfiguration section */

/* Begin XCConfigurationList section */
		CF680A3C1B347F6A00355A53 /* Build configuration list for PBXProject "TestMapBox" */ = {
			isa = XCConfigurationList;
			buildConfigurations = (
				CF680A5E1B347F6A00355A53 /* Debug */,
				CF680A5F1B347F6A00355A53 /* Release */,
			);
			defaultConfigurationIsVisible = 0;
			defaultConfigurationName = Release;
		};
		CF680A601B347F6A00355A53 /* Build configuration list for PBXNativeTarget "TestMapBox" */ = {
			isa = XCConfigurationList;
			buildConfigurations = (
				CF680A611B347F6A00355A53 /* Debug */,
				CF680A621B347F6A00355A53 /* Release */,
			);
			defaultConfigurationIsVisible = 0;
			defaultConfigurationName = Release;
		};
		CF680A631B347F6A00355A53 /* Build configuration list for PBXNativeTarget "TestMapBoxTests" */ = {
			isa = XCConfigurationList;
			buildConfigurations = (
				CF680A641B347F6A00355A53 /* Debug */,
				CF680A651B347F6A00355A53 /* Release */,
			);
			defaultConfigurationIsVisible = 0;
			defaultConfigurationName = Release;
		};
/* End XCConfigurationList section */
	};
	rootObject = CF680A391B347F6A00355A53 /* Project object */;
}
